
Microsoft Visual Studio Solution File, Format Version 12.00
# Visual Studio Version 17
VisualStudioVersion = 17.6.33815.320
MinimumVisualStudioVersion = 10.0.40219.1
Project("{FAE04EC0-301F-11D3-BF4B-00C04F79EFBC}") = "CSharpStrings", "CSharpStrings\CSharpStrings.csproj", "{18ADE42D-DA50-4368-9759-2556EC72E025}"
EndProject
Global
	GlobalSection(SolutionConfigurationPlatforms) = preSolution
		Debug|Any CPU = Debug|Any CPU
		Release|Any CPU = Release|Any CPU
	EndGlobalSection
	GlobalSection(ProjectConfigurationPlatforms) = postSolution
		{18ADE42D-DA50-4368-9759-2556EC72E025}.Debug|Any CPU.ActiveCfg = Debug|Any CPU
		{18ADE42D-DA50-4368-9759-2556EC72E025}.Debug|Any CPU.Build.0 = Debug|Any CPU
		{18ADE42D-DA50-4368-9759-2556EC72E025}.Release|Any CPU.ActiveCfg = Release|Any CPU
		{18ADE42D-DA50-4368-9759-2556EC72E025}.Release|Any CPU.Build.0 = Release|Any CPU
	EndGlobalSection
	GlobalSection(SolutionProperties) = preSolution
		HideSolutionNode = FALSE
	EndGlobalSection
	GlobalSection(ExtensibilityGlobals) = postSolution
		SolutionGuid = {88448200-DD74-4C49-B5D9-4E7BF2700477}
	EndGlobalSection
EndGlobal
